// !$*UTF8*$!
{
	archiveVersion = 1;
	classes = {
	};
	objectVersion = 56;
	objects = {

/* Begin PBXBuildFile section */
		20C1614C2AE5A3FA000733E4 /* PopularMoviesApp.swift in Sources */ = {isa = PBXBuildFile; fileRef = 20C1614B2AE5A3FA000733E4 /* PopularMoviesApp.swift */; };
		20C1614E2AE5A3FA000733E4 /* PopularMoviesView.swift in Sources */ = {isa = PBXBuildFile; fileRef = 20C1614D2AE5A3FA000733E4 /* PopularMoviesView.swift */; };
		20C161502AE5A3FB000733E4 /* Assets.xcassets in Resources */ = {isa = PBXBuildFile; fileRef = 20C1614F2AE5A3FB000733E4 /* Assets.xcassets */; };
		20C161532AE5A3FB000733E4 /* Preview Assets.xcassets in Resources */ = {isa = PBXBuildFile; fileRef = 20C161522AE5A3FB000733E4 /* Preview Assets.xcassets */; };
		20C161552AE5A3FB000733E4 /* Persistence.swift in Sources */ = {isa = PBXBuildFile; fileRef = 20C161542AE5A3FB000733E4 /* Persistence.swift */; };
		20C161582AE5A3FB000733E4 /* PopularMovies.xcdatamodeld in Sources */ = {isa = PBXBuildFile; fileRef = 20C161562AE5A3FB000733E4 /* PopularMovies.xcdatamodeld */; };
		20C161622AE5A3FC000733E4 /* PopularMoviesTests.swift in Sources */ = {isa = PBXBuildFile; fileRef = 20C161612AE5A3FC000733E4 /* PopularMoviesTests.swift */; };
		20C1616C2AE5A3FC000733E4 /* PopularMoviesUITests.swift in Sources */ = {isa = PBXBuildFile; fileRef = 20C1616B2AE5A3FC000733E4 /* PopularMoviesUITests.swift */; };
		20C1616E2AE5A3FC000733E4 /* PopularMoviesUITestsLaunchTests.swift in Sources */ = {isa = PBXBuildFile; fileRef = 20C1616D2AE5A3FC000733E4 /* PopularMoviesUITestsLaunchTests.swift */; };
		20C1617C2AE5A4D6000733E4 /* DataFetcher.swift in Sources */ = {isa = PBXBuildFile; fileRef = 20C1617B2AE5A4D6000733E4 /* DataFetcher.swift */; };
		20C1617E2AE5A8FE000733E4 /* MovieModel.swift in Sources */ = {isa = PBXBuildFile; fileRef = 20C1617D2AE5A8FE000733E4 /* MovieModel.swift */; };
		20C161802AE5ABDC000733E4 /* PopularMoviesResponseModel.swift in Sources */ = {isa = PBXBuildFile; fileRef = 20C1617F2AE5ABDC000733E4 /* PopularMoviesResponseModel.swift */; };
		20C161822AE5B22B000733E4 /* MovieDetailsModel.swift in Sources */ = {isa = PBXBuildFile; fileRef = 20C161812AE5B22B000733E4 /* MovieDetailsModel.swift */; };
		20C161862AE5B4DF000733E4 /* PopularMoviesViewModel.swift in Sources */ = {isa = PBXBuildFile; fileRef = 20C161852AE5B4DF000733E4 /* PopularMoviesViewModel.swift */; };
		20C161892AE5B72C000733E4 /* MovieListItemView.swift in Sources */ = {isa = PBXBuildFile; fileRef = 20C161882AE5B72C000733E4 /* MovieListItemView.swift */; };
		20C1618C2AE5C5B1000733E4 /* DetailsView.swift in Sources */ = {isa = PBXBuildFile; fileRef = 20C1618B2AE5C5B1000733E4 /* DetailsView.swift */; };
		20C1618E2AE5C881000733E4 /* DetailsViewModel.swift in Sources */ = {isa = PBXBuildFile; fileRef = 20C1618D2AE5C881000733E4 /* DetailsViewModel.swift */; };
		20C161CF2AE6B7C9000733E4 /* LanguageModel.swift in Sources */ = {isa = PBXBuildFile; fileRef = 20C161CE2AE6B7C9000733E4 /* LanguageModel.swift */; };
		20C161D22AE6BBA3000733E4 /* LanugagesView.swift in Sources */ = {isa = PBXBuildFile; fileRef = 20C161D12AE6BBA3000733E4 /* LanugagesView.swift */; };
/* End PBXBuildFile section */

/* Begin PBXContainerItemProxy section */
		20C1615E2AE5A3FC000733E4 /* PBXContainerItemProxy */ = {
			isa = PBXContainerItemProxy;
			containerPortal = 20C161402AE5A3FA000733E4 /* Project object */;
			proxyType = 1;
			remoteGlobalIDString = 20C161472AE5A3FA000733E4;
			remoteInfo = PopularMovies;
		};
		20C161682AE5A3FC000733E4 /* PBXContainerItemProxy */ = {
			isa = PBXContainerItemProxy;
			containerPortal = 20C161402AE5A3FA000733E4 /* Project object */;
			proxyType = 1;
			remoteGlobalIDString = 20C161472AE5A3FA000733E4;
			remoteInfo = PopularMovies;
		};
/* End PBXContainerItemProxy section */

/* Begin PBXFileReference section */
		20C161482AE5A3FA000733E4 /* PopularMovies.app */ = {isa = PBXFileReference; explicitFileType = wrapper.application; includeInIndex = 0; path = PopularMovies.app; sourceTree = BUILT_PRODUCTS_DIR; };
		20C1614B2AE5A3FA000733E4 /* PopularMoviesApp.swift */ = {isa = PBXFileReference; lastKnownFileType = sourcecode.swift; path = PopularMoviesApp.swift; sourceTree = "<group>"; };
		20C1614D2AE5A3FA000733E4 /* PopularMoviesView.swift */ = {isa = PBXFileReference; lastKnownFileType = sourcecode.swift; path = PopularMoviesView.swift; sourceTree = "<group>"; };
		20C1614F2AE5A3FB000733E4 /* Assets.xcassets */ = {isa = PBXFileReference; lastKnownFileType = folder.assetcatalog; path = Assets.xcassets; sourceTree = "<group>"; };
		20C161522AE5A3FB000733E4 /* Preview Assets.xcassets */ = {isa = PBXFileReference; lastKnownFileType = folder.assetcatalog; path = "Preview Assets.xcassets"; sourceTree = "<group>"; };
		20C161542AE5A3FB000733E4 /* Persistence.swift */ = {isa = PBXFileReference; lastKnownFileType = sourcecode.swift; path = Persistence.swift; sourceTree = "<group>"; };
		20C161572AE5A3FB000733E4 /* PopularMovies.xcdatamodel */ = {isa = PBXFileReference; lastKnownFileType = wrapper.xcdatamodel; path = PopularMovies.xcdatamodel; sourceTree = "<group>"; };
		20C1615D2AE5A3FC000733E4 /* PopularMoviesTests.xctest */ = {isa = PBXFileReference; explicitFileType = wrapper.cfbundle; includeInIndex = 0; path = PopularMoviesTests.xctest; sourceTree = BUILT_PRODUCTS_DIR; };
		20C161612AE5A3FC000733E4 /* PopularMoviesTests.swift */ = {isa = PBXFileReference; lastKnownFileType = sourcecode.swift; path = PopularMoviesTests.swift; sourceTree = "<group>"; };
		20C161672AE5A3FC000733E4 /* PopularMoviesUITests.xctest */ = {isa = PBXFileReference; explicitFileType = wrapper.cfbundle; includeInIndex = 0; path = PopularMoviesUITests.xctest; sourceTree = BUILT_PRODUCTS_DIR; };
		20C1616B2AE5A3FC000733E4 /* PopularMoviesUITests.swift */ = {isa = PBXFileReference; lastKnownFileType = sourcecode.swift; path = PopularMoviesUITests.swift; sourceTree = "<group>"; };
		20C1616D2AE5A3FC000733E4 /* PopularMoviesUITestsLaunchTests.swift */ = {isa = PBXFileReference; lastKnownFileType = sourcecode.swift; path = PopularMoviesUITestsLaunchTests.swift; sourceTree = "<group>"; };
		20C1617B2AE5A4D6000733E4 /* DataFetcher.swift */ = {isa = PBXFileReference; lastKnownFileType = sourcecode.swift; path = DataFetcher.swift; sourceTree = "<group>"; };
		20C1617D2AE5A8FE000733E4 /* MovieModel.swift */ = {isa = PBXFileReference; lastKnownFileType = sourcecode.swift; path = MovieModel.swift; sourceTree = "<group>"; };
		20C1617F2AE5ABDC000733E4 /* PopularMoviesResponseModel.swift */ = {isa = PBXFileReference; lastKnownFileType = sourcecode.swift; path = PopularMoviesResponseModel.swift; sourceTree = "<group>"; };
		20C161812AE5B22B000733E4 /* MovieDetailsModel.swift */ = {isa = PBXFileReference; lastKnownFileType = sourcecode.swift; path = MovieDetailsModel.swift; sourceTree = "<group>"; };
		20C161852AE5B4DF000733E4 /* PopularMoviesViewModel.swift */ = {isa = PBXFileReference; lastKnownFileType = sourcecode.swift; path = PopularMoviesViewModel.swift; sourceTree = "<group>"; };
		20C161882AE5B72C000733E4 /* MovieListItemView.swift */ = {isa = PBXFileReference; lastKnownFileType = sourcecode.swift; path = MovieListItemView.swift; sourceTree = "<group>"; };
		20C1618B2AE5C5B1000733E4 /* DetailsView.swift */ = {isa = PBXFileReference; lastKnownFileType = sourcecode.swift; path = DetailsView.swift; sourceTree = "<group>"; };
		20C1618D2AE5C881000733E4 /* DetailsViewModel.swift */ = {isa = PBXFileReference; lastKnownFileType = sourcecode.swift; path = DetailsViewModel.swift; sourceTree = "<group>"; };
		20C161CE2AE6B7C9000733E4 /* LanguageModel.swift */ = {isa = PBXFileReference; lastKnownFileType = sourcecode.swift; path = LanguageModel.swift; sourceTree = "<group>"; };
		20C161D12AE6BBA3000733E4 /* LanugagesView.swift */ = {isa = PBXFileReference; lastKnownFileType = sourcecode.swift; path = LanugagesView.swift; sourceTree = "<group>"; };
/* End PBXFileReference section */

/* Begin PBXFrameworksBuildPhase section */
		20C161452AE5A3FA000733E4 /* Frameworks */ = {
			isa = PBXFrameworksBuildPhase;
			buildActionMask = 2147483647;
			files = (
			);
			runOnlyForDeploymentPostprocessing = 0;
		};
		20C1615A2AE5A3FC000733E4 /* Frameworks */ = {
			isa = PBXFrameworksBuildPhase;
			buildActionMask = 2147483647;
			files = (
			);
			runOnlyForDeploymentPostprocessing = 0;
		};
		20C161642AE5A3FC000733E4 /* Frameworks */ = {
			isa = PBXFrameworksBuildPhase;
			buildActionMask = 2147483647;
			files = (
			);
			runOnlyForDeploymentPostprocessing = 0;
		};
/* End PBXFrameworksBuildPhase section */

/* Begin PBXGroup section */
		20C1613F2AE5A3FA000733E4 = {
			isa = PBXGroup;
			children = (
				20C1614A2AE5A3FA000733E4 /* PopularMovies */,
				20C161602AE5A3FC000733E4 /* PopularMoviesTests */,
				20C1616A2AE5A3FC000733E4 /* PopularMoviesUITests */,
				20C161492AE5A3FA000733E4 /* Products */,
			);
			sourceTree = "<group>";
		};
		20C161492AE5A3FA000733E4 /* Products */ = {
			isa = PBXGroup;
			children = (
				20C161482AE5A3FA000733E4 /* PopularMovies.app */,
				20C1615D2AE5A3FC000733E4 /* PopularMoviesTests.xctest */,
				20C161672AE5A3FC000733E4 /* PopularMoviesUITests.xctest */,
			);
			name = Products;
			sourceTree = "<group>";
		};
		20C1614A2AE5A3FA000733E4 /* PopularMovies */ = {
			isa = PBXGroup;
			children = (
				20C161832AE5B421000733E4 /* UI */,
				20C1617A2AE5A4BB000733E4 /* Model */,
				20C1614B2AE5A3FA000733E4 /* PopularMoviesApp.swift */,
				20C1614F2AE5A3FB000733E4 /* Assets.xcassets */,
				20C161542AE5A3FB000733E4 /* Persistence.swift */,
				20C161562AE5A3FB000733E4 /* PopularMovies.xcdatamodeld */,
				20C161512AE5A3FB000733E4 /* Preview Content */,
			);
			path = PopularMovies;
			sourceTree = "<group>";
		};
		20C161512AE5A3FB000733E4 /* Preview Content */ = {
			isa = PBXGroup;
			children = (
				20C161522AE5A3FB000733E4 /* Preview Assets.xcassets */,
			);
			path = "Preview Content";
			sourceTree = "<group>";
		};
		20C161602AE5A3FC000733E4 /* PopularMoviesTests */ = {
			isa = PBXGroup;
			children = (
				20C161612AE5A3FC000733E4 /* PopularMoviesTests.swift */,
			);
			path = PopularMoviesTests;
			sourceTree = "<group>";
		};
		20C1616A2AE5A3FC000733E4 /* PopularMoviesUITests */ = {
			isa = PBXGroup;
			children = (
				20C1616B2AE5A3FC000733E4 /* PopularMoviesUITests.swift */,
				20C1616D2AE5A3FC000733E4 /* PopularMoviesUITestsLaunchTests.swift */,
			);
			path = PopularMoviesUITests;
			sourceTree = "<group>";
		};
		20C1617A2AE5A4BB000733E4 /* Model */ = {
			isa = PBXGroup;
			children = (
				20C1617B2AE5A4D6000733E4 /* DataFetcher.swift */,
				20C1617D2AE5A8FE000733E4 /* MovieModel.swift */,
				20C1617F2AE5ABDC000733E4 /* PopularMoviesResponseModel.swift */,
				20C161812AE5B22B000733E4 /* MovieDetailsModel.swift */,
				20C161CE2AE6B7C9000733E4 /* LanguageModel.swift */,
			);
			path = Model;
			sourceTree = "<group>";
		};
		20C161832AE5B421000733E4 /* UI */ = {
			isa = PBXGroup;
			children = (
				20C161D02AE6BB95000733E4 /* LanguagesView */,
				20C1618A2AE5C59E000733E4 /* DetailsView */,
				20C161872AE5B721000733E4 /* Common */,
				20C161842AE5B431000733E4 /* PopularMovies */,
			);
			path = UI;
			sourceTree = "<group>";
		};
		20C161842AE5B431000733E4 /* PopularMovies */ = {
			isa = PBXGroup;
			children = (
				20C1614D2AE5A3FA000733E4 /* PopularMoviesView.swift */,
				20C161852AE5B4DF000733E4 /* PopularMoviesViewModel.swift */,
			);
			path = PopularMovies;
			sourceTree = "<group>";
		};
		20C161872AE5B721000733E4 /* Common */ = {
			isa = PBXGroup;
			children = (
				20C161882AE5B72C000733E4 /* MovieListItemView.swift */,
			);
			path = Common;
			sourceTree = "<group>";
		};
		20C1618A2AE5C59E000733E4 /* DetailsView */ = {
			isa = PBXGroup;
			children = (
				20C1618B2AE5C5B1000733E4 /* DetailsView.swift */,
				20C1618D2AE5C881000733E4 /* DetailsViewModel.swift */,
			);
			path = DetailsView;
			sourceTree = "<group>";
		};
		20C161D02AE6BB95000733E4 /* LanguagesView */ = {
			isa = PBXGroup;
			children = (
				20C161D12AE6BBA3000733E4 /* LanugagesView.swift */,
			);
			path = LanguagesView;
			sourceTree = "<group>";
		};
/* End PBXGroup section */

/* Begin PBXNativeTarget section */
		20C161472AE5A3FA000733E4 /* PopularMovies */ = {
			isa = PBXNativeTarget;
			buildConfigurationList = 20C161712AE5A3FC000733E4 /* Build configuration list for PBXNativeTarget "PopularMovies" */;
			buildPhases = (
				20C161442AE5A3FA000733E4 /* Sources */,
				20C161452AE5A3FA000733E4 /* Frameworks */,
				20C161462AE5A3FA000733E4 /* Resources */,
			);
			buildRules = (
			);
			dependencies = (
			);
			name = PopularMovies;
			productName = PopularMovies;
			productReference = 20C161482AE5A3FA000733E4 /* PopularMovies.app */;
			productType = "com.apple.product-type.application";
		};
		20C1615C2AE5A3FC000733E4 /* PopularMoviesTests */ = {
			isa = PBXNativeTarget;
			buildConfigurationList = 20C161742AE5A3FC000733E4 /* Build configuration list for PBXNativeTarget "PopularMoviesTests" */;
			buildPhases = (
				20C161592AE5A3FC000733E4 /* Sources */,
				20C1615A2AE5A3FC000733E4 /* Frameworks */,
				20C1615B2AE5A3FC000733E4 /* Resources */,
			);
			buildRules = (
			);
			dependencies = (
				20C1615F2AE5A3FC000733E4 /* PBXTargetDependency */,
			);
			name = PopularMoviesTests;
			productName = PopularMoviesTests;
			productReference = 20C1615D2AE5A3FC000733E4 /* PopularMoviesTests.xctest */;
			productType = "com.apple.product-type.bundle.unit-test";
		};
		20C161662AE5A3FC000733E4 /* PopularMoviesUITests */ = {
			isa = PBXNativeTarget;
			buildConfigurationList = 20C161772AE5A3FC000733E4 /* Build configuration list for PBXNativeTarget "PopularMoviesUITests" */;
			buildPhases = (
				20C161632AE5A3FC000733E4 /* Sources */,
				20C161642AE5A3FC000733E4 /* Frameworks */,
				20C161652AE5A3FC000733E4 /* Resources */,
			);
			buildRules = (
			);
			dependencies = (
				20C161692AE5A3FC000733E4 /* PBXTargetDependency */,
			);
			name = PopularMoviesUITests;
			productName = PopularMoviesUITests;
			productReference = 20C161672AE5A3FC000733E4 /* PopularMoviesUITests.xctest */;
			productType = "com.apple.product-type.bundle.ui-testing";
		};
/* End PBXNativeTarget section */

/* Begin PBXProject section */
		20C161402AE5A3FA000733E4 /* Project object */ = {
			isa = PBXProject;
			attributes = {
				BuildIndependentTargetsInParallel = 1;
				LastSwiftUpdateCheck = 1430;
				LastUpgradeCheck = 1430;
				TargetAttributes = {
					20C161472AE5A3FA000733E4 = {
						CreatedOnToolsVersion = 14.3.1;
					};
					20C1615C2AE5A3FC000733E4 = {
						CreatedOnToolsVersion = 14.3.1;
						TestTargetID = 20C161472AE5A3FA000733E4;
					};
					20C161662AE5A3FC000733E4 = {
						CreatedOnToolsVersion = 14.3.1;
						TestTargetID = 20C161472AE5A3FA000733E4;
					};
				};
			};
			buildConfigurationList = 20C161432AE5A3FA000733E4 /* Build configuration list for PBXProject "PopularMovies" */;
			compatibilityVersion = "Xcode 14.0";
			developmentRegion = en;
			hasScannedForEncodings = 0;
			knownRegions = (
				en,
				Base,
			);
			mainGroup = 20C1613F2AE5A3FA000733E4;
			productRefGroup = 20C161492AE5A3FA000733E4 /* Products */;
			projectDirPath = "";
			projectRoot = "";
			targets = (
				20C161472AE5A3FA000733E4 /* PopularMovies */,
				20C1615C2AE5A3FC000733E4 /* PopularMoviesTests */,
				20C161662AE5A3FC000733E4 /* PopularMoviesUITests */,
			);
		};
/* End PBXProject section */

/* Begin PBXResourcesBuildPhase section */
		20C161462AE5A3FA000733E4 /* Resources */ = {
			isa = PBXResourcesBuildPhase;
			buildActionMask = 2147483647;
			files = (
				20C161532AE5A3FB000733E4 /* Preview Assets.xcassets in Resources */,
				20C161502AE5A3FB000733E4 /* Assets.xcassets in Resources */,
			);
			runOnlyForDeploymentPostprocessing = 0;
		};
		20C1615B2AE5A3FC000733E4 /* Resources */ = {
			isa = PBXResourcesBuildPhase;
			buildActionMask = 2147483647;
			files = (
			);
			runOnlyForDeploymentPostprocessing = 0;
		};
		20C161652AE5A3FC000733E4 /* Resources */ = {
			isa = PBXResourcesBuildPhase;
			buildActionMask = 2147483647;
			files = (
			);
			runOnlyForDeploymentPostprocessing = 0;
		};
/* End PBXResourcesBuildPhase section */

/* Begin PBXSourcesBuildPhase section */
		20C161442AE5A3FA000733E4 /* Sources */ = {
			isa = PBXSourcesBuildPhase;
			buildActionMask = 2147483647;
			files = (
				20C1617E2AE5A8FE000733E4 /* MovieModel.swift in Sources */,
				20C161822AE5B22B000733E4 /* MovieDetailsModel.swift in Sources */,
				20C161802AE5ABDC000733E4 /* PopularMoviesResponseModel.swift in Sources */,
				20C1617C2AE5A4D6000733E4 /* DataFetcher.swift in Sources */,
				20C161582AE5A3FB000733E4 /* PopularMovies.xcdatamodeld in Sources */,
				20C161CF2AE6B7C9000733E4 /* LanguageModel.swift in Sources */,
				20C161D22AE6BBA3000733E4 /* LanugagesView.swift in Sources */,
				20C161552AE5A3FB000733E4 /* Persistence.swift in Sources */,
				20C1618C2AE5C5B1000733E4 /* DetailsView.swift in Sources */,
				20C1614E2AE5A3FA000733E4 /* PopularMoviesView.swift in Sources */,
				20C1614C2AE5A3FA000733E4 /* PopularMoviesApp.swift in Sources */,
				20C161892AE5B72C000733E4 /* MovieListItemView.swift in Sources */,
				20C161862AE5B4DF000733E4 /* PopularMoviesViewModel.swift in Sources */,
				20C1618E2AE5C881000733E4 /* DetailsViewModel.swift in Sources */,
			);
			runOnlyForDeploymentPostprocessing = 0;
		};
		20C161592AE5A3FC000733E4 /* Sources */ = {
			isa = PBXSourcesBuildPhase;
			buildActionMask = 2147483647;
			files = (
				20C161622AE5A3FC000733E4 /* PopularMoviesTests.swift in Sources */,
			);
			runOnlyForDeploymentPostprocessing = 0;
		};
		20C161632AE5A3FC000733E4 /* Sources */ = {
			isa = PBXSourcesBuildPhase;
			buildActionMask = 2147483647;
			files = (
				20C1616C2AE5A3FC000733E4 /* PopularMoviesUITests.swift in Sources */,
				20C1616E2AE5A3FC000733E4 /* PopularMoviesUITestsLaunchTests.swift in Sources */,
			);
			runOnlyForDeploymentPostprocessing = 0;
		};
/* End PBXSourcesBuildPhase section */

/* Begin PBXTargetDependency section */
		20C1615F2AE5A3FC000733E4 /* PBXTargetDependency */ = {
			isa = PBXTargetDependency;
			target = 20C161472AE5A3FA000733E4 /* PopularMovies */;
			targetProxy = 20C1615E2AE5A3FC000733E4 /* PBXContainerItemProxy */;
		};
		20C161692AE5A3FC000733E4 /* PBXTargetDependency */ = {
			isa = PBXTargetDependency;
			target = 20C161472AE5A3FA000733E4 /* PopularMovies */;
			targetProxy = 20C161682AE5A3FC000733E4 /* PBXContainerItemProxy */;
		};
/* End PBXTargetDependency section */

/* Begin XCBuildConfiguration section */
		20C1616F2AE5A3FC000733E4 /* Debug */ = {
			isa = XCBuildConfiguration;
			buildSettings = {
				ALWAYS_SEARCH_USER_PATHS = NO;
				CLANG_ANALYZER_NONNULL = YES;
				CLANG_ANALYZER_NUMBER_OBJECT_CONVERSION = YES_AGGRESSIVE;
				CLANG_CXX_LANGUAGE_STANDARD = "gnu++20";
				CLANG_ENABLE_MODULES = YES;
				CLANG_ENABLE_OBJC_ARC = YES;
				CLANG_ENABLE_OBJC_WEAK = YES;
				CLANG_WARN_BLOCK_CAPTURE_AUTORELEASING = YES;
				CLANG_WARN_BOOL_CONVERSION = YES;
				CLANG_WARN_COMMA = YES;
				CLANG_WARN_CONSTANT_CONVERSION = YES;
				CLANG_WARN_DEPRECATED_OBJC_IMPLEMENTATIONS = YES;
				CLANG_WARN_DIRECT_OBJC_ISA_USAGE = YES_ERROR;
				CLANG_WARN_DOCUMENTATION_COMMENTS = YES;
				CLANG_WARN_EMPTY_BODY = YES;
				CLANG_WARN_ENUM_CONVERSION = YES;
				CLANG_WARN_INFINITE_RECURSION = YES;
				CLANG_WARN_INT_CONVERSION = YES;
				CLANG_WARN_NON_LITERAL_NULL_CONVERSION = YES;
				CLANG_WARN_OBJC_IMPLICIT_RETAIN_SELF = YES;
				CLANG_WARN_OBJC_LITERAL_CONVERSION = YES;
				CLANG_WARN_OBJC_ROOT_CLASS = YES_ERROR;
				CLANG_WARN_QUOTED_INCLUDE_IN_FRAMEWORK_HEADER = YES;
				CLANG_WARN_RANGE_LOOP_ANALYSIS = YES;
				CLANG_WARN_STRICT_PROTOTYPES = YES;
				CLANG_WARN_SUSPICIOUS_MOVE = YES;
				CLANG_WARN_UNGUARDED_AVAILABILITY = YES_AGGRESSIVE;
				CLANG_WARN_UNREACHABLE_CODE = YES;
				CLANG_WARN__DUPLICATE_METHOD_MATCH = YES;
				COPY_PHASE_STRIP = NO;
				DEBUG_INFORMATION_FORMAT = dwarf;
				ENABLE_STRICT_OBJC_MSGSEND = YES;
				ENABLE_TESTABILITY = YES;
				GCC_C_LANGUAGE_STANDARD = gnu11;
				GCC_DYNAMIC_NO_PIC = NO;
				GCC_NO_COMMON_BLOCKS = YES;
				GCC_OPTIMIZATION_LEVEL = 0;
				GCC_PREPROCESSOR_DEFINITIONS = (
					"DEBUG=1",
					"$(inherited)",
				);
				GCC_WARN_64_TO_32_BIT_CONVERSION = YES;
				GCC_WARN_ABOUT_RETURN_TYPE = YES_ERROR;
				GCC_WARN_UNDECLARED_SELECTOR = YES;
				GCC_WARN_UNINITIALIZED_AUTOS = YES_AGGRESSIVE;
				GCC_WARN_UNUSED_FUNCTION = YES;
				GCC_WARN_UNUSED_VARIABLE = YES;
				IPHONEOS_DEPLOYMENT_TARGET = 16.4;
				MTL_ENABLE_DEBUG_INFO = INCLUDE_SOURCE;
				MTL_FAST_MATH = YES;
				ONLY_ACTIVE_ARCH = YES;
				SDKROOT = iphoneos;
				SWIFT_ACTIVE_COMPILATION_CONDITIONS = DEBUG;
				SWIFT_OPTIMIZATION_LEVEL = "-Onone";
			};
			name = Debug;
		};
		20C161702AE5A3FC000733E4 /* Release */ = {
			isa = XCBuildConfiguration;
			buildSettings = {
				ALWAYS_SEARCH_USER_PATHS = NO;
				CLANG_ANALYZER_NONNULL = YES;
				CLANG_ANALYZER_NUMBER_OBJECT_CONVERSION = YES_AGGRESSIVE;
				CLANG_CXX_LANGUAGE_STANDARD = "gnu++20";
				CLANG_ENABLE_MODULES = YES;
				CLANG_ENABLE_OBJC_ARC = YES;
				CLANG_ENABLE_OBJC_WEAK = YES;
				CLANG_WARN_BLOCK_CAPTURE_AUTORELEASING = YES;
				CLANG_WARN_BOOL_CONVERSION = YES;
				CLANG_WARN_COMMA = YES;
				CLANG_WARN_CONSTANT_CONVERSION = YES;
				CLANG_WARN_DEPRECATED_OBJC_IMPLEMENTATIONS = YES;
				CLANG_WARN_DIRECT_OBJC_ISA_USAGE = YES_ERROR;
				CLANG_WARN_DOCUMENTATION_COMMENTS = YES;
				CLANG_WARN_EMPTY_BODY = YES;
				CLANG_WARN_ENUM_CONVERSION = YES;
				CLANG_WARN_INFINITE_RECURSION = YES;
				CLANG_WARN_INT_CONVERSION = YES;
				CLANG_WARN_NON_LITERAL_NULL_CONVERSION = YES;
				CLANG_WARN_OBJC_IMPLICIT_RETAIN_SELF = YES;
				CLANG_WARN_OBJC_LITERAL_CONVERSION = YES;
				CLANG_WARN_OBJC_ROOT_CLASS = YES_ERROR;
				CLANG_WARN_QUOTED_INCLUDE_IN_FRAMEWORK_HEADER = YES;
				CLANG_WARN_RANGE_LOOP_ANALYSIS = YES;
				CLANG_WARN_STRICT_PROTOTYPES = YES;
				CLANG_WARN_SUSPICIOUS_MOVE = YES;
				CLANG_WARN_UNGUARDED_AVAILABILITY = YES_AGGRESSIVE;
				CLANG_WARN_UNREACHABLE_CODE = YES;
				CLANG_WARN__DUPLICATE_METHOD_MATCH = YES;
				COPY_PHASE_STRIP = NO;
				DEBUG_INFORMATION_FORMAT = "dwarf-with-dsym";
				ENABLE_NS_ASSERTIONS = NO;
				ENABLE_STRICT_OBJC_MSGSEND = YES;
				GCC_C_LANGUAGE_STANDARD = gnu11;
				GCC_NO_COMMON_BLOCKS = YES;
				GCC_WARN_64_TO_32_BIT_CONVERSION = YES;
				GCC_WARN_ABOUT_RETURN_TYPE = YES_ERROR;
				GCC_WARN_UNDECLARED_SELECTOR = YES;
				GCC_WARN_UNINITIALIZED_AUTOS = YES_AGGRESSIVE;
				GCC_WARN_UNUSED_FUNCTION = YES;
				GCC_WARN_UNUSED_VARIABLE = YES;
				IPHONEOS_DEPLOYMENT_TARGET = 16.4;
				MTL_ENABLE_DEBUG_INFO = NO;
				MTL_FAST_MATH = YES;
				SDKROOT = iphoneos;
				SWIFT_COMPILATION_MODE = wholemodule;
				SWIFT_OPTIMIZATION_LEVEL = "-O";
				VALIDATE_PRODUCT = YES;
			};
			name = Release;
		};
		20C161722AE5A3FC000733E4 /* Debug */ = {
			isa = XCBuildConfiguration;
			buildSettings = {
				ASSETCATALOG_COMPILER_APPICON_NAME = AppIcon;
				ASSETCATALOG_COMPILER_GLOBAL_ACCENT_COLOR_NAME = AccentColor;
				CODE_SIGN_STYLE = Automatic;
				CURRENT_PROJECT_VERSION = 1;
				DEVELOPMENT_ASSET_PATHS = "\"PopularMovies/Preview Content\"";
				DEVELOPMENT_TEAM = 6523XHZW9R;
				ENABLE_PREVIEWS = YES;
				GENERATE_INFOPLIST_FILE = YES;
				INFOPLIST_KEY_UIApplicationSceneManifest_Generation = YES;
				INFOPLIST_KEY_UIApplicationSupportsIndirectInputEvents = YES;
				INFOPLIST_KEY_UILaunchScreen_Generation = YES;
				INFOPLIST_KEY_UISupportedInterfaceOrientations_iPad = "UIInterfaceOrientationPortrait UIInterfaceOrientationPortraitUpsideDown UIInterfaceOrientationLandscapeLeft UIInterfaceOrientationLandscapeRight";
				INFOPLIST_KEY_UISupportedInterfaceOrientations_iPhone = "UIInterfaceOrientationPortrait UIInterfaceOrientationLandscapeLeft UIInterfaceOrientationLandscapeRight";
				IPHONEOS_DEPLOYMENT_TARGET = 15.0;
				LD_RUNPATH_SEARCH_PATHS = (
					"$(inherited)",
					"@executable_path/Frameworks",
				);
				MARKETING_VERSION = 1.0;
				PRODUCT_BUNDLE_IDENTIFIER = com.ecode.PopularMovies;
				PRODUCT_NAME = "$(TARGET_NAME)";
				SWIFT_EMIT_LOC_STRINGS = YES;
				SWIFT_VERSION = 5.0;
				TARGETED_DEVICE_FAMILY = "1,2";
			};
			name = Debug;
		};
		20C161732AE5A3FC000733E4 /* Release */ = {
			isa = XCBuildConfiguration;
			buildSettings = {
				ASSETCATALOG_COMPILER_APPICON_NAME = AppIcon;
				ASSETCATALOG_COMPILER_GLOBAL_ACCENT_COLOR_NAME = AccentColor;
				CODE_SIGN_STYLE = Automatic;
				CURRENT_PROJECT_VERSION = 1;
				DEVELOPMENT_ASSET_PATHS = "\"PopularMovies/Preview Content\"";
				DEVELOPMENT_TEAM = 6523XHZW9R;
				ENABLE_PREVIEWS = YES;
				GENERATE_INFOPLIST_FILE = YES;
				INFOPLIST_KEY_UIApplicationSceneManifest_Generation = YES;
				INFOPLIST_KEY_UIApplicationSupportsIndirectInputEvents = YES;
				INFOPLIST_KEY_UILaunchScreen_Generation = YES;
				INFOPLIST_KEY_UISupportedInterfaceOrientations_iPad = "UIInterfaceOrientationPortrait UIInterfaceOrientationPortraitUpsideDown UIInterfaceOrientationLandscapeLeft UIInterfaceOrientationLandscapeRight";
				INFOPLIST_KEY_UISupportedInterfaceOrientations_iPhone = "UIInterfaceOrientationPortrait UIInterfaceOrientationLandscapeLeft UIInterfaceOrientationLandscapeRight";
				IPHONEOS_DEPLOYMENT_TARGET = 15.0;
				LD_RUNPATH_SEARCH_PATHS = (
					"$(inherited)",
					"@executable_path/Frameworks",
				);
				MARKETING_VERSION = 1.0;
				PRODUCT_BUNDLE_IDENTIFIER = com.ecode.PopularMovies;
				PRODUCT_NAME = "$(TARGET_NAME)";
				SWIFT_EMIT_LOC_STRINGS = YES;
				SWIFT_VERSION = 5.0;
				TARGETED_DEVICE_FAMILY = "1,2";
			};
			name = Release;
		};
		20C161752AE5A3FC000733E4 /* Debug */ = {
			isa = XCBuildConfiguration;
			buildSettings = {
				ALWAYS_EMBED_SWIFT_STANDARD_LIBRARIES = YES;
				BUNDLE_LOADER = "$(TEST_HOST)";
				CODE_SIGN_STYLE = Automatic;
				CURRENT_PROJECT_VERSION = 1;
				DEVELOPMENT_TEAM = 6523XHZW9R;
				GENERATE_INFOPLIST_FILE = YES;
				IPHONEOS_DEPLOYMENT_TARGET = 16.4;
				MARKETING_VERSION = 1.0;
				PRODUCT_BUNDLE_IDENTIFIER = com.ecode.PopularMoviesTests;
				PRODUCT_NAME = "$(TARGET_NAME)";
				SWIFT_EMIT_LOC_STRINGS = NO;
				SWIFT_VERSION = 5.0;
				TARGETED_DEVICE_FAMILY = "1,2";
				TEST_HOST = "$(BUILT_PRODUCTS_DIR)/PopularMovies.app/$(BUNDLE_EXECUTABLE_FOLDER_PATH)/PopularMovies";
			};
			name = Debug;
		};
		20C161762AE5A3FC000733E4 /* Release */ = {
			isa = XCBuildConfiguration;
			buildSettings = {
				ALWAYS_EMBED_SWIFT_STANDARD_LIBRARIES = YES;
				BUNDLE_LOADER = "$(TEST_HOST)";
				CODE_SIGN_STYLE = Automatic;
				CURRENT_PROJECT_VERSION = 1;
				DEVELOPMENT_TEAM = 6523XHZW9R;
				GENERATE_INFOPLIST_FILE = YES;
				IPHONEOS_DEPLOYMENT_TARGET = 16.4;
				MARKETING_VERSION = 1.0;
				PRODUCT_BUNDLE_IDENTIFIER = com.ecode.PopularMoviesTests;
				PRODUCT_NAME = "$(TARGET_NAME)";
				SWIFT_EMIT_LOC_STRINGS = NO;
				SWIFT_VERSION = 5.0;
				TARGETED_DEVICE_FAMILY = "1,2";
				TEST_HOST = "$(BUILT_PRODUCTS_DIR)/PopularMovies.app/$(BUNDLE_EXECUTABLE_FOLDER_PATH)/PopularMovies";
			};
			name = Release;
		};
		20C161782AE5A3FC000733E4 /* Debug */ = {
			isa = XCBuildConfiguration;
			buildSettings = {
				ALWAYS_EMBED_SWIFT_STANDARD_LIBRARIES = YES;
				CODE_SIGN_STYLE = Automatic;
				CURRENT_PROJECT_VERSION = 1;
				DEVELOPMENT_TEAM = 6523XHZW9R;
				GENERATE_INFOPLIST_FILE = YES;
				MARKETING_VERSION = 1.0;
				PRODUCT_BUNDLE_IDENTIFIER = com.ecode.PopularMoviesUITests;
				PRODUCT_NAME = "$(TARGET_NAME)";
				SWIFT_EMIT_LOC_STRINGS = NO;
				SWIFT_VERSION = 5.0;
				TARGETED_DEVICE_FAMILY = "1,2";
				TEST_TARGET_NAME = PopularMovies;
			};
			name = Debug;
		};
		20C161792AE5A3FC000733E4 /* Release */ = {
			isa = XCBuildConfiguration;
			buildSettings = {
				ALWAYS_EMBED_SWIFT_STANDARD_LIBRARIES = YES;
				CODE_SIGN_STYLE = Automatic;
				CURRENT_PROJECT_VERSION = 1;
				DEVELOPMENT_TEAM = 6523XHZW9R;
				GENERATE_INFOPLIST_FILE = YES;
				MARKETING_VERSION = 1.0;
				PRODUCT_BUNDLE_IDENTIFIER = com.ecode.PopularMoviesUITests;
				PRODUCT_NAME = "$(TARGET_NAME)";
				SWIFT_EMIT_LOC_STRINGS = NO;
				SWIFT_VERSION = 5.0;
				TARGETED_DEVICE_FAMILY = "1,2";
				TEST_TARGET_NAME = PopularMovies;
			};
			name = Release;
		};
/* End XCBuildConfiguration section */

/* Begin XCConfigurationList section */
		20C161432AE5A3FA000733E4 /* Build configuration list for PBXProject "PopularMovies" */ = {
			isa = XCConfigurationList;
			buildConfigurations = (
				20C1616F2AE5A3FC000733E4 /* Debug */,
				20C161702AE5A3FC000733E4 /* Release */,
			);
			defaultConfigurationIsVisible = 0;
			defaultConfigurationName = Release;
		};
		20C161712AE5A3FC000733E4 /* Build configuration list for PBXNativeTarget "PopularMovies" */ = {
			isa = XCConfigurationList;
			buildConfigurations = (
				20C161722AE5A3FC000733E4 /* Debug */,
				20C161732AE5A3FC000733E4 /* Release */,
			);
			defaultConfigurationIsVisible = 0;
			defaultConfigurationName = Release;
		};
		20C161742AE5A3FC000733E4 /* Build configuration list for PBXNativeTarget "PopularMoviesTests" */ = {
			isa = XCConfigurationList;
			buildConfigurations = (
				20C161752AE5A3FC000733E4 /* Debug */,
				20C161762AE5A3FC000733E4 /* Release */,
			);
			defaultConfigurationIsVisible = 0;
			defaultConfigurationName = Release;
		};
		20C161772AE5A3FC000733E4 /* Build configuration list for PBXNativeTarget "PopularMoviesUITests" */ = {
			isa = XCConfigurationList;
			buildConfigurations = (
				20C161782AE5A3FC000733E4 /* Debug */,
				20C161792AE5A3FC000733E4 /* Release */,
			);
			defaultConfigurationIsVisible = 0;
			defaultConfigurationName = Release;
		};
/* End XCConfigurationList section */

/* Begin XCVersionGroup section */
		20C161562AE5A3FB000733E4 /* PopularMovies.xcdatamodeld */ = {
			isa = XCVersionGroup;
			children = (
				20C161572AE5A3FB000733E4 /* PopularMovies.xcdatamodel */,
			);
			currentVersion = 20C161572AE5A3FB000733E4 /* PopularMovies.xcdatamodel */;
			path = PopularMovies.xcdatamodeld;
			sourceTree = "<group>";
			versionGroupType = wrapper.xcdatamodel;
		};
/* End XCVersionGroup section */
	};
	rootObject = 20C161402AE5A3FA000733E4 /* Project object */;
}
